{
  "nodes": {
    "home-manager": {
      "inputs": {
        "nixpkgs": [
          "nixpkgs"
        ]
      },
      "locked": {
        "lastModified": 1622482341,
        "narHash": "sha256-qNTi74De8iTyCQiDqOKRRNOk1pu++BpxvbmKSeqg8es=",
        "owner": "nix-community",
        "repo": "home-manager",
        "rev": "2a4ab0d891a59fd3a0fc09e9805aad5a8f82dfac",
        "type": "github"
      },
      "original": {
        "owner": "nix-community",
        "repo": "home-manager",
        "type": "github"
      }
    },
    "nixpkgs": {
      "locked": {
        "lastModified": 1622282707,
        "narHash": "sha256-+GOrUDsdneUqrOm9d+9bHXjEVoVcU8tm14WGVzbt6gg=",
        "owner": "nixos",
        "repo": "nixpkgs",
        "rev": "6933d068c5d2fcff398e802f7c4e271bbdab6705",
        "type": "github"
      },
      "original": {
        "owner": "nixos",
        "ref": "nixos-unstable",
        "repo": "nixpkgs",
        "type": "github"
      }
    },
    "nur": {
      "locked": {
        "lastModified": 1622520799,
        "narHash": "sha256-9t23OHWEmQq8PaO1J+jEEoGE+EQfeUoDZlYmzgWDmVI=",
        "owner": "nix-community",
        "repo": "NUR",
        "rev": "1e8ee0f79979c8ab066b4342af63523216a80db3",
        "type": "github"
      },
      "original": {
        "owner": "nix-community",
        "repo": "NUR",
        "type": "github"
      }
    },
    "root": {
      "inputs": {
        "home-manager": "home-manager",
        "nixpkgs": "nixpkgs",
        "nur": "nur"
      }
    }
  },
  "root": "root",
  "version": 7
}
