{
  "nodes": {
    "home-manager": {
      "inputs": {
        "nixpkgs": [
          "nixpkgs"
        ]
      },
      "locked": {
        "lastModified": 1621291660,
        "narHash": "sha256-iQsVeXl2vmTtAo7KuzFicDb/8dyUn0dJK+MyTHNq5ZM=",
        "owner": "nix-community",
        "repo": "home-manager",
        "rev": "f9e45390deced72bc7cc0b75d3a922aa10a33e08",
        "type": "github"
      },
      "original": {
        "owner": "nix-community",
        "repo": "home-manager",
        "type": "github"
      }
    },
    "nixpkgs": {
      "locked": {
        "lastModified": 1621073999,
        "narHash": "sha256-Cp99YreSFedcWovxNmO8g8qFYltQQJPRLfuot6Z7iGE=",
        "owner": "nixos",
        "repo": "nixpkgs",
        "rev": "83d907fd760d9ee4f49b4b7e4b1c6682f137b573",
        "type": "github"
      },
      "original": {
        "owner": "nixos",
        "ref": "nixos-unstable",
        "repo": "nixpkgs",
        "type": "github"
      }
    },
    "nur": {
      "locked": {
        "lastModified": 1621334044,
        "narHash": "sha256-FUMkGU36Qegsb15Si07kQcNvBgXJk7KUgegDOKiVCEg=",
        "owner": "nix-community",
        "repo": "NUR",
        "rev": "5b835e0a313294c47980ae484b84465974232b51",
        "type": "github"
      },
      "original": {
        "owner": "nix-community",
        "repo": "NUR",
        "type": "github"
      }
    },
    "root": {
      "inputs": {
        "home-manager": "home-manager",
        "nixpkgs": "nixpkgs",
        "nur": "nur"
      }
    }
  },
  "root": "root",
  "version": 7
}
